
Microsoft Visual Studio Solution File, Format Version 12.00
# Visual Studio Version 16
VisualStudioVersion = 16.0.30320.27
MinimumVisualStudioVersion = 10.0.40219.1
Project("{FAE04EC0-301F-11D3-BF4B-00C04F79EFBC}") = "LeetCodePractice", "LeetCodePractice\LeetCodePractice.csproj", "{AA4E6CC2-F14F-49F8-A50E-7915BEDC1246}"
EndProject
Project("{FAE04EC0-301F-11D3-BF4B-00C04F79EFBC}") = "P001_Two_Sum", "P001_Two_Sum\P001_Two_Sum.csproj", "{A56DA0BD-BB67-465F-9AEB-05617D883DD5}"
EndProject
Project("{FAE04EC0-301F-11D3-BF4B-00C04F79EFBC}") = "P007_Reverse_Integer", "P007_Reverse_Integer\P007_Reverse_Integer.csproj", "{236CAD9F-B313-4239-B3DD-68CD781D7A2E}"
EndProject
Project("{FAE04EC0-301F-11D3-BF4B-00C04F79EFBC}") = "P009_Palindrome_Number", "P009_Palindrome_Number\P009_Palindrome_Number.csproj", "{609524A3-671E-4BE5-9056-3B7F111B89B1}"
EndProject
Project("{FAE04EC0-301F-11D3-BF4B-00C04F79EFBC}") = "P013_Roman_To_Integer", "P013_Roman_To_Integer\P013_Roman_To_Integer.csproj", "{E89B9327-4468-400C-A518-26DF5F21EF50}"
EndProject
Project("{2150E333-8FDC-42A3-9474-1A3956D46DE8}") = "Category01_Easy", "Category01_Easy", "{157E6138-2049-41E4-AB53-71F909769F1A}"
EndProject
Project("{FAE04EC0-301F-11D3-BF4B-00C04F79EFBC}") = "P014_Longest_Common_Prefix", "P014_Longest_Common_Prefix\P014_Longest_Common_Prefix.csproj", "{30587EEF-3ED0-4358-80A6-359A06248D0E}"
EndProject
Project("{FAE04EC0-301F-11D3-BF4B-00C04F79EFBC}") = "P020_Valid_Parentheses", "P020_Valid_Parentheses\P020_Valid_Parentheses.csproj", "{93675D4B-2730-4FBA-B848-F238D6FD44B7}"
EndProject
Project("{FAE04EC0-301F-11D3-BF4B-00C04F79EFBC}") = "P021_Merge_Two_Sorted_Lists", "P021_Merge_Two_Sorted_Lists\P021_Merge_Two_Sorted_Lists.csproj", "{8175D2FD-A56C-4310-A85A-0E20FC5C6833}"
EndProject
Project("{FAE04EC0-301F-11D3-BF4B-00C04F79EFBC}") = "P022_RemoveDuplicatesFromSortedArray", "P022_RemoveDuplicatesFromSortedArray\P022_RemoveDuplicatesFromSortedArray.csproj", "{4C3D91A1-C016-418B-A9A3-C5D6452A3BC3}"
EndProject
Project("{FAE04EC0-301F-11D3-BF4B-00C04F79EFBC}") = "P027_Remove_Element", "P027_Remove_Element\P027_Remove_Element.csproj", "{6ECC62B1-D929-4BA1-87CE-941FD2DB39DC}"
EndProject
Project("{FAE04EC0-301F-11D3-BF4B-00C04F79EFBC}") = "P028_Implement_strStr", "P028_Implement_strStr\P028_Implement_strStr.csproj", "{D00F2A04-F55C-4220-B3B7-BE082EFACBE4}"
EndProject
Project("{FAE04EC0-301F-11D3-BF4B-00C04F79EFBC}") = "P035_Search_Insert_Position", "P035_Search_Insert_Position\P035_Search_Insert_Position.csproj", "{F319BEB0-93BC-4A86-811C-EE40B362EAF3}"
EndProject
Project("{FAE04EC0-301F-11D3-BF4B-00C04F79EFBC}") = "P038_Count_and_Say", "P038_Count_and_Say\P038_Count_and_Say.csproj", "{BCF85A7C-700C-4369-8146-C1734F7964EF}"
EndProject
Project("{FAE04EC0-301F-11D3-BF4B-00C04F79EFBC}") = "P053_Maximum_Subarray", "P053_Maximum_Subarray\P053_Maximum_Subarray.csproj", "{5E6F6D19-8ABB-4701-81A3-1919A1A9C73F}"
EndProject
Project("{FAE04EC0-301F-11D3-BF4B-00C04F79EFBC}") = "P058_Length_of_Last_Word", "P058_Length_of_Last_Word\P058_Length_of_Last_Word.csproj", "{599F3253-62B2-4928-9694-231FDF987E5C}"
EndProject
Project("{FAE04EC0-301F-11D3-BF4B-00C04F79EFBC}") = "P066_Plus_One", "P066_Plus_One\P066_Plus_One.csproj", "{59DB81C9-2380-4314-966A-9E0536E8606D}"
EndProject
Project("{FAE04EC0-301F-11D3-BF4B-00C04F79EFBC}") = "P067_Add_Binary", "P067_Add_Binary\P067_Add_Binary.csproj", "{F0FCA617-665E-4A9E-AA32-199E839F9F96}"
EndProject
Project("{FAE04EC0-301F-11D3-BF4B-00C04F79EFBC}") = "P069_Sqrt_X", "P069_Sqrt_X\P069_Sqrt_X.csproj", "{02282D09-B6DF-4CD1-A79A-4BDD265F85F4}"
EndProject
Project("{FAE04EC0-301F-11D3-BF4B-00C04F79EFBC}") = "P070_Climbing_Stairs", "P070_Climbing_Stairs\P070_Climbing_Stairs.csproj", "{74C0E597-327B-4775-B507-ADCE6B725C64}"
EndProject
Project("{FAE04EC0-301F-11D3-BF4B-00C04F79EFBC}") = "P083_Remove_Duplicates_from_Sorted_List", "P083_Remove_Duplicates_from_Sorted_List\P083_Remove_Duplicates_from_Sorted_List.csproj", "{8B7CB0DD-A672-4125-8E1F-926886DD3F1F}"
EndProject
Project("{9A19103F-16F7-4668-BE54-9A1E7A4F7556}") = "P088_Merge_Sorted_Array", "P088_Merge_Sorted_Array\P088_Merge_Sorted_Array.csproj", "{0793FB3A-8C6C-4E25-80BA-881DA89D5729}"
EndProject
Project("{FAE04EC0-301F-11D3-BF4B-00C04F79EFBC}") = "P100_Same_Tree", "P100_Same_Tree\P100_Same_Tree.csproj", "{3AA2AA6F-1B3C-4402-A3E7-9BD568B9B776}"
EndProject
Project("{FAE04EC0-301F-11D3-BF4B-00C04F79EFBC}") = "P101_Symmetric_Tree", "P101_Symmetric_Tree\P101_Symmetric_Tree.csproj", "{2EB03FB9-3BD4-42AD-BF3B-6D4522951DA7}"
EndProject
Project("{FAE04EC0-301F-11D3-BF4B-00C04F79EFBC}") = "P104_Maximum_Depth_of_Binary_Tree", "P104_Maximum_Depth_of_Binary_Tree\P104_Maximum_Depth_of_Binary_Tree.csproj", "{06D1FF43-A2E6-47E9-9BDD-76A707E47EE8}"
EndProject
Project("{FAE04EC0-301F-11D3-BF4B-00C04F79EFBC}") = "P108_Convert_Sorted_Array_to_Binary_Search_Tree", "P108_Convert_Sorted_Array_to_Binary_Search_Tree\P108_Convert_Sorted_Array_to_Binary_Search_Tree.csproj", "{5BADD8DA-F564-42AE-9D70-B2C796A27A88}"
EndProject
Project("{FAE04EC0-301F-11D3-BF4B-00C04F79EFBC}") = "P110_Balanced_Binary_Tree", "P110_Balanced_Binary_Tree\P110_Balanced_Binary_Tree.csproj", "{92B349E7-840E-41A9-921B-17A5D7354C8B}"
EndProject
Project("{2150E333-8FDC-42A3-9474-1A3956D46DE8}") = "Tree", "Tree", "{08492204-34A2-4D78-AC21-40E3BC248730}"
EndProject
Project("{9A19103F-16F7-4668-BE54-9A1E7A4F7556}") = "P111_Minimum_Depth_of_Binary_Tree", "P111_Minimum_Depth_of_Binary_Tree\P111_Minimum_Depth_of_Binary_Tree.csproj", "{89B150D4-6A0B-431A-AA5D-1A3F189A2FA1}"
EndProject
Project("{9A19103F-16F7-4668-BE54-9A1E7A4F7556}") = "P112_Path_Sum", "P112_Path_Sum\P112_Path_Sum.csproj", "{81E4C62E-F4A9-4501-82B9-934233C93EFB}"
EndProject
Project("{9A19103F-16F7-4668-BE54-9A1E7A4F7556}") = "P113_Path_Sum_II", "P113_Path_Sum_II\P113_Path_Sum_II.csproj", "{747D3550-05B9-47E3-BB3C-73D77B4D44D4}"
EndProject
Project("{9A19103F-16F7-4668-BE54-9A1E7A4F7556}") = "P257_Binary_Tree_Paths", "P257_Binary_Tree_Paths\P257_Binary_Tree_Paths.csproj", "{F54E4A8B-94F4-4719-B34A-2187EBEF5657}"
EndProject
Project("{9A19103F-16F7-4668-BE54-9A1E7A4F7556}") = "P144_Binary_Tree_Preorder_Traversal", "P144_Binary_Tree_Preorder_Traversal\P144_Binary_Tree_Preorder_Traversal.csproj", "{A410BDA5-6E09-44B1-B385-40F2B01CB26B}"
EndProject
Project("{FAE04EC0-301F-11D3-BF4B-00C04F79EFBC}") = "P145_Binary_Tree_Postorder_Traversal", "P145_Binary_Tree_Postorder_Traversal\P145_Binary_Tree_Postorder_Traversal.csproj", "{5E173AED-7C0F-4D80-BAEF-F5A396C2207E}"
EndProject
Global
	GlobalSection(SolutionConfigurationPlatforms) = preSolution
		Debug|Any CPU = Debug|Any CPU
		Release|Any CPU = Release|Any CPU
	EndGlobalSection
	GlobalSection(ProjectConfigurationPlatforms) = postSolution
		{AA4E6CC2-F14F-49F8-A50E-7915BEDC1246}.Debug|Any CPU.ActiveCfg = Debug|Any CPU
		{AA4E6CC2-F14F-49F8-A50E-7915BEDC1246}.Debug|Any CPU.Build.0 = Debug|Any CPU
		{AA4E6CC2-F14F-49F8-A50E-7915BEDC1246}.Release|Any CPU.ActiveCfg = Release|Any CPU
		{AA4E6CC2-F14F-49F8-A50E-7915BEDC1246}.Release|Any CPU.Build.0 = Release|Any CPU
		{A56DA0BD-BB67-465F-9AEB-05617D883DD5}.Debug|Any CPU.ActiveCfg = Debug|Any CPU
		{A56DA0BD-BB67-465F-9AEB-05617D883DD5}.Debug|Any CPU.Build.0 = Debug|Any CPU
		{A56DA0BD-BB67-465F-9AEB-05617D883DD5}.Release|Any CPU.ActiveCfg = Release|Any CPU
		{A56DA0BD-BB67-465F-9AEB-05617D883DD5}.Release|Any CPU.Build.0 = Release|Any CPU
		{236CAD9F-B313-4239-B3DD-68CD781D7A2E}.Debug|Any CPU.ActiveCfg = Debug|Any CPU
		{236CAD9F-B313-4239-B3DD-68CD781D7A2E}.Debug|Any CPU.Build.0 = Debug|Any CPU
		{236CAD9F-B313-4239-B3DD-68CD781D7A2E}.Release|Any CPU.ActiveCfg = Release|Any CPU
		{236CAD9F-B313-4239-B3DD-68CD781D7A2E}.Release|Any CPU.Build.0 = Release|Any CPU
		{609524A3-671E-4BE5-9056-3B7F111B89B1}.Debug|Any CPU.ActiveCfg = Debug|Any CPU
		{609524A3-671E-4BE5-9056-3B7F111B89B1}.Debug|Any CPU.Build.0 = Debug|Any CPU
		{609524A3-671E-4BE5-9056-3B7F111B89B1}.Release|Any CPU.ActiveCfg = Release|Any CPU
		{609524A3-671E-4BE5-9056-3B7F111B89B1}.Release|Any CPU.Build.0 = Release|Any CPU
		{E89B9327-4468-400C-A518-26DF5F21EF50}.Debug|Any CPU.ActiveCfg = Debug|Any CPU
		{E89B9327-4468-400C-A518-26DF5F21EF50}.Debug|Any CPU.Build.0 = Debug|Any CPU
		{E89B9327-4468-400C-A518-26DF5F21EF50}.Release|Any CPU.ActiveCfg = Release|Any CPU
		{E89B9327-4468-400C-A518-26DF5F21EF50}.Release|Any CPU.Build.0 = Release|Any CPU
		{30587EEF-3ED0-4358-80A6-359A06248D0E}.Debug|Any CPU.ActiveCfg = Debug|Any CPU
		{30587EEF-3ED0-4358-80A6-359A06248D0E}.Debug|Any CPU.Build.0 = Debug|Any CPU
		{30587EEF-3ED0-4358-80A6-359A06248D0E}.Release|Any CPU.ActiveCfg = Release|Any CPU
		{30587EEF-3ED0-4358-80A6-359A06248D0E}.Release|Any CPU.Build.0 = Release|Any CPU
		{93675D4B-2730-4FBA-B848-F238D6FD44B7}.Debug|Any CPU.ActiveCfg = Debug|Any CPU
		{93675D4B-2730-4FBA-B848-F238D6FD44B7}.Debug|Any CPU.Build.0 = Debug|Any CPU
		{93675D4B-2730-4FBA-B848-F238D6FD44B7}.Release|Any CPU.ActiveCfg = Release|Any CPU
		{93675D4B-2730-4FBA-B848-F238D6FD44B7}.Release|Any CPU.Build.0 = Release|Any CPU
		{8175D2FD-A56C-4310-A85A-0E20FC5C6833}.Debug|Any CPU.ActiveCfg = Debug|Any CPU
		{8175D2FD-A56C-4310-A85A-0E20FC5C6833}.Debug|Any CPU.Build.0 = Debug|Any CPU
		{8175D2FD-A56C-4310-A85A-0E20FC5C6833}.Release|Any CPU.ActiveCfg = Release|Any CPU
		{8175D2FD-A56C-4310-A85A-0E20FC5C6833}.Release|Any CPU.Build.0 = Release|Any CPU
		{4C3D91A1-C016-418B-A9A3-C5D6452A3BC3}.Debug|Any CPU.ActiveCfg = Debug|Any CPU
		{4C3D91A1-C016-418B-A9A3-C5D6452A3BC3}.Debug|Any CPU.Build.0 = Debug|Any CPU
		{4C3D91A1-C016-418B-A9A3-C5D6452A3BC3}.Release|Any CPU.ActiveCfg = Release|Any CPU
		{4C3D91A1-C016-418B-A9A3-C5D6452A3BC3}.Release|Any CPU.Build.0 = Release|Any CPU
		{6ECC62B1-D929-4BA1-87CE-941FD2DB39DC}.Debug|Any CPU.ActiveCfg = Debug|Any CPU
		{6ECC62B1-D929-4BA1-87CE-941FD2DB39DC}.Debug|Any CPU.Build.0 = Debug|Any CPU
		{6ECC62B1-D929-4BA1-87CE-941FD2DB39DC}.Release|Any CPU.ActiveCfg = Release|Any CPU
		{6ECC62B1-D929-4BA1-87CE-941FD2DB39DC}.Release|Any CPU.Build.0 = Release|Any CPU
		{D00F2A04-F55C-4220-B3B7-BE082EFACBE4}.Debug|Any CPU.ActiveCfg = Debug|Any CPU
		{D00F2A04-F55C-4220-B3B7-BE082EFACBE4}.Debug|Any CPU.Build.0 = Debug|Any CPU
		{D00F2A04-F55C-4220-B3B7-BE082EFACBE4}.Release|Any CPU.ActiveCfg = Release|Any CPU
		{D00F2A04-F55C-4220-B3B7-BE082EFACBE4}.Release|Any CPU.Build.0 = Release|Any CPU
		{F319BEB0-93BC-4A86-811C-EE40B362EAF3}.Debug|Any CPU.ActiveCfg = Debug|Any CPU
		{F319BEB0-93BC-4A86-811C-EE40B362EAF3}.Debug|Any CPU.Build.0 = Debug|Any CPU
		{F319BEB0-93BC-4A86-811C-EE40B362EAF3}.Release|Any CPU.ActiveCfg = Release|Any CPU
		{F319BEB0-93BC-4A86-811C-EE40B362EAF3}.Release|Any CPU.Build.0 = Release|Any CPU
		{BCF85A7C-700C-4369-8146-C1734F7964EF}.Debug|Any CPU.ActiveCfg = Debug|Any CPU
		{BCF85A7C-700C-4369-8146-C1734F7964EF}.Debug|Any CPU.Build.0 = Debug|Any CPU
		{BCF85A7C-700C-4369-8146-C1734F7964EF}.Release|Any CPU.ActiveCfg = Release|Any CPU
		{BCF85A7C-700C-4369-8146-C1734F7964EF}.Release|Any CPU.Build.0 = Release|Any CPU
		{5E6F6D19-8ABB-4701-81A3-1919A1A9C73F}.Debug|Any CPU.ActiveCfg = Debug|Any CPU
		{5E6F6D19-8ABB-4701-81A3-1919A1A9C73F}.Debug|Any CPU.Build.0 = Debug|Any CPU
		{5E6F6D19-8ABB-4701-81A3-1919A1A9C73F}.Release|Any CPU.ActiveCfg = Release|Any CPU
		{5E6F6D19-8ABB-4701-81A3-1919A1A9C73F}.Release|Any CPU.Build.0 = Release|Any CPU
		{599F3253-62B2-4928-9694-231FDF987E5C}.Debug|Any CPU.ActiveCfg = Debug|Any CPU
		{599F3253-62B2-4928-9694-231FDF987E5C}.Debug|Any CPU.Build.0 = Debug|Any CPU
		{599F3253-62B2-4928-9694-231FDF987E5C}.Release|Any CPU.ActiveCfg = Release|Any CPU
		{599F3253-62B2-4928-9694-231FDF987E5C}.Release|Any CPU.Build.0 = Release|Any CPU
		{59DB81C9-2380-4314-966A-9E0536E8606D}.Debug|Any CPU.ActiveCfg = Debug|Any CPU
		{59DB81C9-2380-4314-966A-9E0536E8606D}.Debug|Any CPU.Build.0 = Debug|Any CPU
		{59DB81C9-2380-4314-966A-9E0536E8606D}.Release|Any CPU.ActiveCfg = Release|Any CPU
		{59DB81C9-2380-4314-966A-9E0536E8606D}.Release|Any CPU.Build.0 = Release|Any CPU
		{F0FCA617-665E-4A9E-AA32-199E839F9F96}.Debug|Any CPU.ActiveCfg = Debug|Any CPU
		{F0FCA617-665E-4A9E-AA32-199E839F9F96}.Debug|Any CPU.Build.0 = Debug|Any CPU
		{F0FCA617-665E-4A9E-AA32-199E839F9F96}.Release|Any CPU.ActiveCfg = Release|Any CPU
		{F0FCA617-665E-4A9E-AA32-199E839F9F96}.Release|Any CPU.Build.0 = Release|Any CPU
		{02282D09-B6DF-4CD1-A79A-4BDD265F85F4}.Debug|Any CPU.ActiveCfg = Debug|Any CPU
		{02282D09-B6DF-4CD1-A79A-4BDD265F85F4}.Debug|Any CPU.Build.0 = Debug|Any CPU
		{02282D09-B6DF-4CD1-A79A-4BDD265F85F4}.Release|Any CPU.ActiveCfg = Release|Any CPU
		{02282D09-B6DF-4CD1-A79A-4BDD265F85F4}.Release|Any CPU.Build.0 = Release|Any CPU
		{74C0E597-327B-4775-B507-ADCE6B725C64}.Debug|Any CPU.ActiveCfg = Debug|Any CPU
		{74C0E597-327B-4775-B507-ADCE6B725C64}.Debug|Any CPU.Build.0 = Debug|Any CPU
		{74C0E597-327B-4775-B507-ADCE6B725C64}.Release|Any CPU.ActiveCfg = Release|Any CPU
		{74C0E597-327B-4775-B507-ADCE6B725C64}.Release|Any CPU.Build.0 = Release|Any CPU
		{8B7CB0DD-A672-4125-8E1F-926886DD3F1F}.Debug|Any CPU.ActiveCfg = Debug|Any CPU
		{8B7CB0DD-A672-4125-8E1F-926886DD3F1F}.Debug|Any CPU.Build.0 = Debug|Any CPU
		{8B7CB0DD-A672-4125-8E1F-926886DD3F1F}.Release|Any CPU.ActiveCfg = Release|Any CPU
		{8B7CB0DD-A672-4125-8E1F-926886DD3F1F}.Release|Any CPU.Build.0 = Release|Any CPU
		{0793FB3A-8C6C-4E25-80BA-881DA89D5729}.Debug|Any CPU.ActiveCfg = Debug|Any CPU
		{0793FB3A-8C6C-4E25-80BA-881DA89D5729}.Debug|Any CPU.Build.0 = Debug|Any CPU
		{0793FB3A-8C6C-4E25-80BA-881DA89D5729}.Release|Any CPU.ActiveCfg = Release|Any CPU
		{0793FB3A-8C6C-4E25-80BA-881DA89D5729}.Release|Any CPU.Build.0 = Release|Any CPU
		{3AA2AA6F-1B3C-4402-A3E7-9BD568B9B776}.Debug|Any CPU.ActiveCfg = Debug|Any CPU
		{3AA2AA6F-1B3C-4402-A3E7-9BD568B9B776}.Debug|Any CPU.Build.0 = Debug|Any CPU
		{3AA2AA6F-1B3C-4402-A3E7-9BD568B9B776}.Release|Any CPU.ActiveCfg = Release|Any CPU
		{3AA2AA6F-1B3C-4402-A3E7-9BD568B9B776}.Release|Any CPU.Build.0 = Release|Any CPU
		{2EB03FB9-3BD4-42AD-BF3B-6D4522951DA7}.Debug|Any CPU.ActiveCfg = Debug|Any CPU
		{2EB03FB9-3BD4-42AD-BF3B-6D4522951DA7}.Debug|Any CPU.Build.0 = Debug|Any CPU
		{2EB03FB9-3BD4-42AD-BF3B-6D4522951DA7}.Release|Any CPU.ActiveCfg = Release|Any CPU
		{2EB03FB9-3BD4-42AD-BF3B-6D4522951DA7}.Release|Any CPU.Build.0 = Release|Any CPU
		{06D1FF43-A2E6-47E9-9BDD-76A707E47EE8}.Debug|Any CPU.ActiveCfg = Debug|Any CPU
		{06D1FF43-A2E6-47E9-9BDD-76A707E47EE8}.Debug|Any CPU.Build.0 = Debug|Any CPU
		{06D1FF43-A2E6-47E9-9BDD-76A707E47EE8}.Release|Any CPU.ActiveCfg = Release|Any CPU
		{06D1FF43-A2E6-47E9-9BDD-76A707E47EE8}.Release|Any CPU.Build.0 = Release|Any CPU
		{5BADD8DA-F564-42AE-9D70-B2C796A27A88}.Debug|Any CPU.ActiveCfg = Debug|Any CPU
		{5BADD8DA-F564-42AE-9D70-B2C796A27A88}.Debug|Any CPU.Build.0 = Debug|Any CPU
		{5BADD8DA-F564-42AE-9D70-B2C796A27A88}.Release|Any CPU.ActiveCfg = Release|Any CPU
		{5BADD8DA-F564-42AE-9D70-B2C796A27A88}.Release|Any CPU.Build.0 = Release|Any CPU
		{92B349E7-840E-41A9-921B-17A5D7354C8B}.Debug|Any CPU.ActiveCfg = Debug|Any CPU
		{92B349E7-840E-41A9-921B-17A5D7354C8B}.Debug|Any CPU.Build.0 = Debug|Any CPU
		{92B349E7-840E-41A9-921B-17A5D7354C8B}.Release|Any CPU.ActiveCfg = Release|Any CPU
		{92B349E7-840E-41A9-921B-17A5D7354C8B}.Release|Any CPU.Build.0 = Release|Any CPU
		{89B150D4-6A0B-431A-AA5D-1A3F189A2FA1}.Debug|Any CPU.ActiveCfg = Debug|Any CPU
		{89B150D4-6A0B-431A-AA5D-1A3F189A2FA1}.Debug|Any CPU.Build.0 = Debug|Any CPU
		{89B150D4-6A0B-431A-AA5D-1A3F189A2FA1}.Release|Any CPU.ActiveCfg = Release|Any CPU
		{89B150D4-6A0B-431A-AA5D-1A3F189A2FA1}.Release|Any CPU.Build.0 = Release|Any CPU
		{81E4C62E-F4A9-4501-82B9-934233C93EFB}.Debug|Any CPU.ActiveCfg = Debug|Any CPU
		{81E4C62E-F4A9-4501-82B9-934233C93EFB}.Debug|Any CPU.Build.0 = Debug|Any CPU
		{81E4C62E-F4A9-4501-82B9-934233C93EFB}.Release|Any CPU.ActiveCfg = Release|Any CPU
		{81E4C62E-F4A9-4501-82B9-934233C93EFB}.Release|Any CPU.Build.0 = Release|Any CPU
		{747D3550-05B9-47E3-BB3C-73D77B4D44D4}.Debug|Any CPU.ActiveCfg = Debug|Any CPU
		{747D3550-05B9-47E3-BB3C-73D77B4D44D4}.Debug|Any CPU.Build.0 = Debug|Any CPU
		{747D3550-05B9-47E3-BB3C-73D77B4D44D4}.Release|Any CPU.ActiveCfg = Release|Any CPU
		{747D3550-05B9-47E3-BB3C-73D77B4D44D4}.Release|Any CPU.Build.0 = Release|Any CPU
		{F54E4A8B-94F4-4719-B34A-2187EBEF5657}.Debug|Any CPU.ActiveCfg = Debug|Any CPU
		{F54E4A8B-94F4-4719-B34A-2187EBEF5657}.Debug|Any CPU.Build.0 = Debug|Any CPU
		{F54E4A8B-94F4-4719-B34A-2187EBEF5657}.Release|Any CPU.ActiveCfg = Release|Any CPU
		{F54E4A8B-94F4-4719-B34A-2187EBEF5657}.Release|Any CPU.Build.0 = Release|Any CPU
		{A410BDA5-6E09-44B1-B385-40F2B01CB26B}.Debug|Any CPU.ActiveCfg = Debug|Any CPU
		{A410BDA5-6E09-44B1-B385-40F2B01CB26B}.Debug|Any CPU.Build.0 = Debug|Any CPU
		{A410BDA5-6E09-44B1-B385-40F2B01CB26B}.Release|Any CPU.ActiveCfg = Release|Any CPU
		{A410BDA5-6E09-44B1-B385-40F2B01CB26B}.Release|Any CPU.Build.0 = Release|Any CPU
		{5E173AED-7C0F-4D80-BAEF-F5A396C2207E}.Debug|Any CPU.ActiveCfg = Debug|Any CPU
		{5E173AED-7C0F-4D80-BAEF-F5A396C2207E}.Debug|Any CPU.Build.0 = Debug|Any CPU
		{5E173AED-7C0F-4D80-BAEF-F5A396C2207E}.Release|Any CPU.ActiveCfg = Release|Any CPU
		{5E173AED-7C0F-4D80-BAEF-F5A396C2207E}.Release|Any CPU.Build.0 = Release|Any CPU
	EndGlobalSection
	GlobalSection(SolutionProperties) = preSolution
		HideSolutionNode = FALSE
	EndGlobalSection
	GlobalSection(NestedProjects) = preSolution
		{A56DA0BD-BB67-465F-9AEB-05617D883DD5} = {157E6138-2049-41E4-AB53-71F909769F1A}
		{236CAD9F-B313-4239-B3DD-68CD781D7A2E} = {157E6138-2049-41E4-AB53-71F909769F1A}
		{609524A3-671E-4BE5-9056-3B7F111B89B1} = {157E6138-2049-41E4-AB53-71F909769F1A}
		{E89B9327-4468-400C-A518-26DF5F21EF50} = {157E6138-2049-41E4-AB53-71F909769F1A}
		{30587EEF-3ED0-4358-80A6-359A06248D0E} = {157E6138-2049-41E4-AB53-71F909769F1A}
		{93675D4B-2730-4FBA-B848-F238D6FD44B7} = {157E6138-2049-41E4-AB53-71F909769F1A}
		{8175D2FD-A56C-4310-A85A-0E20FC5C6833} = {157E6138-2049-41E4-AB53-71F909769F1A}
		{4C3D91A1-C016-418B-A9A3-C5D6452A3BC3} = {157E6138-2049-41E4-AB53-71F909769F1A}
		{6ECC62B1-D929-4BA1-87CE-941FD2DB39DC} = {157E6138-2049-41E4-AB53-71F909769F1A}
		{D00F2A04-F55C-4220-B3B7-BE082EFACBE4} = {157E6138-2049-41E4-AB53-71F909769F1A}
		{F319BEB0-93BC-4A86-811C-EE40B362EAF3} = {157E6138-2049-41E4-AB53-71F909769F1A}
		{BCF85A7C-700C-4369-8146-C1734F7964EF} = {157E6138-2049-41E4-AB53-71F909769F1A}
		{5E6F6D19-8ABB-4701-81A3-1919A1A9C73F} = {157E6138-2049-41E4-AB53-71F909769F1A}
		{599F3253-62B2-4928-9694-231FDF987E5C} = {157E6138-2049-41E4-AB53-71F909769F1A}
		{59DB81C9-2380-4314-966A-9E0536E8606D} = {157E6138-2049-41E4-AB53-71F909769F1A}
		{F0FCA617-665E-4A9E-AA32-199E839F9F96} = {157E6138-2049-41E4-AB53-71F909769F1A}
		{02282D09-B6DF-4CD1-A79A-4BDD265F85F4} = {157E6138-2049-41E4-AB53-71F909769F1A}
		{74C0E597-327B-4775-B507-ADCE6B725C64} = {157E6138-2049-41E4-AB53-71F909769F1A}
		{8B7CB0DD-A672-4125-8E1F-926886DD3F1F} = {157E6138-2049-41E4-AB53-71F909769F1A}
		{0793FB3A-8C6C-4E25-80BA-881DA89D5729} = {157E6138-2049-41E4-AB53-71F909769F1A}
		{3AA2AA6F-1B3C-4402-A3E7-9BD568B9B776} = {08492204-34A2-4D78-AC21-40E3BC248730}
		{2EB03FB9-3BD4-42AD-BF3B-6D4522951DA7} = {08492204-34A2-4D78-AC21-40E3BC248730}
		{06D1FF43-A2E6-47E9-9BDD-76A707E47EE8} = {08492204-34A2-4D78-AC21-40E3BC248730}
		{5BADD8DA-F564-42AE-9D70-B2C796A27A88} = {08492204-34A2-4D78-AC21-40E3BC248730}
		{92B349E7-840E-41A9-921B-17A5D7354C8B} = {08492204-34A2-4D78-AC21-40E3BC248730}
		{89B150D4-6A0B-431A-AA5D-1A3F189A2FA1} = {08492204-34A2-4D78-AC21-40E3BC248730}
		{81E4C62E-F4A9-4501-82B9-934233C93EFB} = {08492204-34A2-4D78-AC21-40E3BC248730}
		{747D3550-05B9-47E3-BB3C-73D77B4D44D4} = {08492204-34A2-4D78-AC21-40E3BC248730}
		{F54E4A8B-94F4-4719-B34A-2187EBEF5657} = {08492204-34A2-4D78-AC21-40E3BC248730}
		{A410BDA5-6E09-44B1-B385-40F2B01CB26B} = {08492204-34A2-4D78-AC21-40E3BC248730}
		{5E173AED-7C0F-4D80-BAEF-F5A396C2207E} = {08492204-34A2-4D78-AC21-40E3BC248730}
	EndGlobalSection
	GlobalSection(ExtensibilityGlobals) = postSolution
		SolutionGuid = {41314859-F5E0-4ADB-874A-E9B5472E9FFB}
	EndGlobalSection
EndGlobal
