
Microsoft Visual Studio Solution File, Format Version 12.00
# Visual Studio Version 16
VisualStudioVersion = 16.0.30320.27
MinimumVisualStudioVersion = 10.0.40219.1
Project("{FAE04EC0-301F-11D3-BF4B-00C04F79EFBC}") = "LeetCodePractice", "LeetCodePractice\LeetCodePractice.csproj", "{AA4E6CC2-F14F-49F8-A50E-7915BEDC1246}"
EndProject
Project("{FAE04EC0-301F-11D3-BF4B-00C04F79EFBC}") = "P001_Two_Sum", "P001_Two_Sum\P001_Two_Sum.csproj", "{A56DA0BD-BB67-465F-9AEB-05617D883DD5}"
EndProject
Project("{FAE04EC0-301F-11D3-BF4B-00C04F79EFBC}") = "P007_Reverse_Integer", "P007_Reverse_Integer\P007_Reverse_Integer.csproj", "{236CAD9F-B313-4239-B3DD-68CD781D7A2E}"
EndProject
Project("{FAE04EC0-301F-11D3-BF4B-00C04F79EFBC}") = "P009_Palindrome_Number", "P009_Palindrome_Number\P009_Palindrome_Number.csproj", "{609524A3-671E-4BE5-9056-3B7F111B89B1}"
EndProject
Project("{FAE04EC0-301F-11D3-BF4B-00C04F79EFBC}") = "P013_Roman_To_Integer", "P013_Roman_To_Integer\P013_Roman_To_Integer.csproj", "{E89B9327-4468-400C-A518-26DF5F21EF50}"
EndProject
Project("{2150E333-8FDC-42A3-9474-1A3956D46DE8}") = "Category01_Easy", "Category01_Easy", "{157E6138-2049-41E4-AB53-71F909769F1A}"
EndProject
Project("{FAE04EC0-301F-11D3-BF4B-00C04F79EFBC}") = "P014_Longest_Common_Prefix", "P014_Longest_Common_Prefix\P014_Longest_Common_Prefix.csproj", "{30587EEF-3ED0-4358-80A6-359A06248D0E}"
EndProject
Project("{FAE04EC0-301F-11D3-BF4B-00C04F79EFBC}") = "P020_Valid_Parentheses", "P020_Valid_Parentheses\P020_Valid_Parentheses.csproj", "{93675D4B-2730-4FBA-B848-F238D6FD44B7}"
EndProject
Project("{FAE04EC0-301F-11D3-BF4B-00C04F79EFBC}") = "P021_Merge_Two_Sorted_Lists", "P021_Merge_Two_Sorted_Lists\P021_Merge_Two_Sorted_Lists.csproj", "{8175D2FD-A56C-4310-A85A-0E20FC5C6833}"
EndProject
Project("{FAE04EC0-301F-11D3-BF4B-00C04F79EFBC}") = "P022_RemoveDuplicatesFromSortedArray", "P022_RemoveDuplicatesFromSortedArray\P022_RemoveDuplicatesFromSortedArray.csproj", "{4C3D91A1-C016-418B-A9A3-C5D6452A3BC3}"
EndProject
Project("{FAE04EC0-301F-11D3-BF4B-00C04F79EFBC}") = "P027_Remove_Element", "P027_Remove_Element\P027_Remove_Element.csproj", "{6ECC62B1-D929-4BA1-87CE-941FD2DB39DC}"
EndProject
Project("{FAE04EC0-301F-11D3-BF4B-00C04F79EFBC}") = "P028_Implement_strStr", "P028_Implement_strStr\P028_Implement_strStr.csproj", "{D00F2A04-F55C-4220-B3B7-BE082EFACBE4}"
EndProject
Project("{FAE04EC0-301F-11D3-BF4B-00C04F79EFBC}") = "P035_Search_Insert_Position", "P035_Search_Insert_Position\P035_Search_Insert_Position.csproj", "{F319BEB0-93BC-4A86-811C-EE40B362EAF3}"
EndProject
Project("{FAE04EC0-301F-11D3-BF4B-00C04F79EFBC}") = "P038_Count_and_Say", "P038_Count_and_Say\P038_Count_and_Say.csproj", "{BCF85A7C-700C-4369-8146-C1734F7964EF}"
EndProject
Project("{FAE04EC0-301F-11D3-BF4B-00C04F79EFBC}") = "P053_Maximum_Subarray", "P053_Maximum_Subarray\P053_Maximum_Subarray.csproj", "{5E6F6D19-8ABB-4701-81A3-1919A1A9C73F}"
EndProject
Global
	GlobalSection(SolutionConfigurationPlatforms) = preSolution
		Debug|Any CPU = Debug|Any CPU
		Release|Any CPU = Release|Any CPU
	EndGlobalSection
	GlobalSection(ProjectConfigurationPlatforms) = postSolution
		{AA4E6CC2-F14F-49F8-A50E-7915BEDC1246}.Debug|Any CPU.ActiveCfg = Debug|Any CPU
		{AA4E6CC2-F14F-49F8-A50E-7915BEDC1246}.Debug|Any CPU.Build.0 = Debug|Any CPU
		{AA4E6CC2-F14F-49F8-A50E-7915BEDC1246}.Release|Any CPU.ActiveCfg = Release|Any CPU
		{AA4E6CC2-F14F-49F8-A50E-7915BEDC1246}.Release|Any CPU.Build.0 = Release|Any CPU
		{A56DA0BD-BB67-465F-9AEB-05617D883DD5}.Debug|Any CPU.ActiveCfg = Debug|Any CPU
		{A56DA0BD-BB67-465F-9AEB-05617D883DD5}.Debug|Any CPU.Build.0 = Debug|Any CPU
		{A56DA0BD-BB67-465F-9AEB-05617D883DD5}.Release|Any CPU.ActiveCfg = Release|Any CPU
		{A56DA0BD-BB67-465F-9AEB-05617D883DD5}.Release|Any CPU.Build.0 = Release|Any CPU
		{236CAD9F-B313-4239-B3DD-68CD781D7A2E}.Debug|Any CPU.ActiveCfg = Debug|Any CPU
		{236CAD9F-B313-4239-B3DD-68CD781D7A2E}.Debug|Any CPU.Build.0 = Debug|Any CPU
		{236CAD9F-B313-4239-B3DD-68CD781D7A2E}.Release|Any CPU.ActiveCfg = Release|Any CPU
		{236CAD9F-B313-4239-B3DD-68CD781D7A2E}.Release|Any CPU.Build.0 = Release|Any CPU
		{609524A3-671E-4BE5-9056-3B7F111B89B1}.Debug|Any CPU.ActiveCfg = Debug|Any CPU
		{609524A3-671E-4BE5-9056-3B7F111B89B1}.Debug|Any CPU.Build.0 = Debug|Any CPU
		{609524A3-671E-4BE5-9056-3B7F111B89B1}.Release|Any CPU.ActiveCfg = Release|Any CPU
		{609524A3-671E-4BE5-9056-3B7F111B89B1}.Release|Any CPU.Build.0 = Release|Any CPU
		{E89B9327-4468-400C-A518-26DF5F21EF50}.Debug|Any CPU.ActiveCfg = Debug|Any CPU
		{E89B9327-4468-400C-A518-26DF5F21EF50}.Debug|Any CPU.Build.0 = Debug|Any CPU
		{E89B9327-4468-400C-A518-26DF5F21EF50}.Release|Any CPU.ActiveCfg = Release|Any CPU
		{E89B9327-4468-400C-A518-26DF5F21EF50}.Release|Any CPU.Build.0 = Release|Any CPU
		{30587EEF-3ED0-4358-80A6-359A06248D0E}.Debug|Any CPU.ActiveCfg = Debug|Any CPU
		{30587EEF-3ED0-4358-80A6-359A06248D0E}.Debug|Any CPU.Build.0 = Debug|Any CPU
		{30587EEF-3ED0-4358-80A6-359A06248D0E}.Release|Any CPU.ActiveCfg = Release|Any CPU
		{30587EEF-3ED0-4358-80A6-359A06248D0E}.Release|Any CPU.Build.0 = Release|Any CPU
		{93675D4B-2730-4FBA-B848-F238D6FD44B7}.Debug|Any CPU.ActiveCfg = Debug|Any CPU
		{93675D4B-2730-4FBA-B848-F238D6FD44B7}.Debug|Any CPU.Build.0 = Debug|Any CPU
		{93675D4B-2730-4FBA-B848-F238D6FD44B7}.Release|Any CPU.ActiveCfg = Release|Any CPU
		{93675D4B-2730-4FBA-B848-F238D6FD44B7}.Release|Any CPU.Build.0 = Release|Any CPU
		{8175D2FD-A56C-4310-A85A-0E20FC5C6833}.Debug|Any CPU.ActiveCfg = Debug|Any CPU
		{8175D2FD-A56C-4310-A85A-0E20FC5C6833}.Debug|Any CPU.Build.0 = Debug|Any CPU
		{8175D2FD-A56C-4310-A85A-0E20FC5C6833}.Release|Any CPU.ActiveCfg = Release|Any CPU
		{8175D2FD-A56C-4310-A85A-0E20FC5C6833}.Release|Any CPU.Build.0 = Release|Any CPU
		{4C3D91A1-C016-418B-A9A3-C5D6452A3BC3}.Debug|Any CPU.ActiveCfg = Debug|Any CPU
		{4C3D91A1-C016-418B-A9A3-C5D6452A3BC3}.Debug|Any CPU.Build.0 = Debug|Any CPU
		{4C3D91A1-C016-418B-A9A3-C5D6452A3BC3}.Release|Any CPU.ActiveCfg = Release|Any CPU
		{4C3D91A1-C016-418B-A9A3-C5D6452A3BC3}.Release|Any CPU.Build.0 = Release|Any CPU
		{6ECC62B1-D929-4BA1-87CE-941FD2DB39DC}.Debug|Any CPU.ActiveCfg = Debug|Any CPU
		{6ECC62B1-D929-4BA1-87CE-941FD2DB39DC}.Debug|Any CPU.Build.0 = Debug|Any CPU
		{6ECC62B1-D929-4BA1-87CE-941FD2DB39DC}.Release|Any CPU.ActiveCfg = Release|Any CPU
		{6ECC62B1-D929-4BA1-87CE-941FD2DB39DC}.Release|Any CPU.Build.0 = Release|Any CPU
		{D00F2A04-F55C-4220-B3B7-BE082EFACBE4}.Debug|Any CPU.ActiveCfg = Debug|Any CPU
		{D00F2A04-F55C-4220-B3B7-BE082EFACBE4}.Debug|Any CPU.Build.0 = Debug|Any CPU
		{D00F2A04-F55C-4220-B3B7-BE082EFACBE4}.Release|Any CPU.ActiveCfg = Release|Any CPU
		{D00F2A04-F55C-4220-B3B7-BE082EFACBE4}.Release|Any CPU.Build.0 = Release|Any CPU
		{F319BEB0-93BC-4A86-811C-EE40B362EAF3}.Debug|Any CPU.ActiveCfg = Debug|Any CPU
		{F319BEB0-93BC-4A86-811C-EE40B362EAF3}.Debug|Any CPU.Build.0 = Debug|Any CPU
		{F319BEB0-93BC-4A86-811C-EE40B362EAF3}.Release|Any CPU.ActiveCfg = Release|Any CPU
		{F319BEB0-93BC-4A86-811C-EE40B362EAF3}.Release|Any CPU.Build.0 = Release|Any CPU
		{BCF85A7C-700C-4369-8146-C1734F7964EF}.Debug|Any CPU.ActiveCfg = Debug|Any CPU
		{BCF85A7C-700C-4369-8146-C1734F7964EF}.Debug|Any CPU.Build.0 = Debug|Any CPU
		{BCF85A7C-700C-4369-8146-C1734F7964EF}.Release|Any CPU.ActiveCfg = Release|Any CPU
		{BCF85A7C-700C-4369-8146-C1734F7964EF}.Release|Any CPU.Build.0 = Release|Any CPU
		{5E6F6D19-8ABB-4701-81A3-1919A1A9C73F}.Debug|Any CPU.ActiveCfg = Debug|Any CPU
		{5E6F6D19-8ABB-4701-81A3-1919A1A9C73F}.Debug|Any CPU.Build.0 = Debug|Any CPU
		{5E6F6D19-8ABB-4701-81A3-1919A1A9C73F}.Release|Any CPU.ActiveCfg = Release|Any CPU
		{5E6F6D19-8ABB-4701-81A3-1919A1A9C73F}.Release|Any CPU.Build.0 = Release|Any CPU
	EndGlobalSection
	GlobalSection(SolutionProperties) = preSolution
		HideSolutionNode = FALSE
	EndGlobalSection
	GlobalSection(NestedProjects) = preSolution
		{A56DA0BD-BB67-465F-9AEB-05617D883DD5} = {157E6138-2049-41E4-AB53-71F909769F1A}
		{236CAD9F-B313-4239-B3DD-68CD781D7A2E} = {157E6138-2049-41E4-AB53-71F909769F1A}
		{609524A3-671E-4BE5-9056-3B7F111B89B1} = {157E6138-2049-41E4-AB53-71F909769F1A}
		{E89B9327-4468-400C-A518-26DF5F21EF50} = {157E6138-2049-41E4-AB53-71F909769F1A}
		{30587EEF-3ED0-4358-80A6-359A06248D0E} = {157E6138-2049-41E4-AB53-71F909769F1A}
		{93675D4B-2730-4FBA-B848-F238D6FD44B7} = {157E6138-2049-41E4-AB53-71F909769F1A}
		{8175D2FD-A56C-4310-A85A-0E20FC5C6833} = {157E6138-2049-41E4-AB53-71F909769F1A}
		{4C3D91A1-C016-418B-A9A3-C5D6452A3BC3} = {157E6138-2049-41E4-AB53-71F909769F1A}
		{6ECC62B1-D929-4BA1-87CE-941FD2DB39DC} = {157E6138-2049-41E4-AB53-71F909769F1A}
		{D00F2A04-F55C-4220-B3B7-BE082EFACBE4} = {157E6138-2049-41E4-AB53-71F909769F1A}
		{F319BEB0-93BC-4A86-811C-EE40B362EAF3} = {157E6138-2049-41E4-AB53-71F909769F1A}
		{BCF85A7C-700C-4369-8146-C1734F7964EF} = {157E6138-2049-41E4-AB53-71F909769F1A}
		{5E6F6D19-8ABB-4701-81A3-1919A1A9C73F} = {157E6138-2049-41E4-AB53-71F909769F1A}
	EndGlobalSection
	GlobalSection(ExtensibilityGlobals) = postSolution
		SolutionGuid = {41314859-F5E0-4ADB-874A-E9B5472E9FFB}
	EndGlobalSection
EndGlobal
