
Microsoft Visual Studio Solution File, Format Version 12.00
# Visual Studio Version 16
VisualStudioVersion = 16.0.30320.27
MinimumVisualStudioVersion = 10.0.40219.1
Project("{FAE04EC0-301F-11D3-BF4B-00C04F79EFBC}") = "LeetCodePractice", "LeetCodePractice\LeetCodePractice.csproj", "{AA4E6CC2-F14F-49F8-A50E-7915BEDC1246}"
EndProject
Project("{FAE04EC0-301F-11D3-BF4B-00C04F79EFBC}") = "P001_Two_Sum", "P001_Two_Sum\P001_Two_Sum.csproj", "{A56DA0BD-BB67-465F-9AEB-05617D883DD5}"
EndProject
Project("{FAE04EC0-301F-11D3-BF4B-00C04F79EFBC}") = "P007_Reverse_Integer", "P007_Reverse_Integer\P007_Reverse_Integer.csproj", "{236CAD9F-B313-4239-B3DD-68CD781D7A2E}"
EndProject
Global
	GlobalSection(SolutionConfigurationPlatforms) = preSolution
		Debug|Any CPU = Debug|Any CPU
		Release|Any CPU = Release|Any CPU
	EndGlobalSection
	GlobalSection(ProjectConfigurationPlatforms) = postSolution
		{AA4E6CC2-F14F-49F8-A50E-7915BEDC1246}.Debug|Any CPU.ActiveCfg = Debug|Any CPU
		{AA4E6CC2-F14F-49F8-A50E-7915BEDC1246}.Debug|Any CPU.Build.0 = Debug|Any CPU
		{AA4E6CC2-F14F-49F8-A50E-7915BEDC1246}.Release|Any CPU.ActiveCfg = Release|Any CPU
		{AA4E6CC2-F14F-49F8-A50E-7915BEDC1246}.Release|Any CPU.Build.0 = Release|Any CPU
		{A56DA0BD-BB67-465F-9AEB-05617D883DD5}.Debug|Any CPU.ActiveCfg = Debug|Any CPU
		{A56DA0BD-BB67-465F-9AEB-05617D883DD5}.Debug|Any CPU.Build.0 = Debug|Any CPU
		{A56DA0BD-BB67-465F-9AEB-05617D883DD5}.Release|Any CPU.ActiveCfg = Release|Any CPU
		{A56DA0BD-BB67-465F-9AEB-05617D883DD5}.Release|Any CPU.Build.0 = Release|Any CPU
		{236CAD9F-B313-4239-B3DD-68CD781D7A2E}.Debug|Any CPU.ActiveCfg = Debug|Any CPU
		{236CAD9F-B313-4239-B3DD-68CD781D7A2E}.Debug|Any CPU.Build.0 = Debug|Any CPU
		{236CAD9F-B313-4239-B3DD-68CD781D7A2E}.Release|Any CPU.ActiveCfg = Release|Any CPU
		{236CAD9F-B313-4239-B3DD-68CD781D7A2E}.Release|Any CPU.Build.0 = Release|Any CPU
	EndGlobalSection
	GlobalSection(SolutionProperties) = preSolution
		HideSolutionNode = FALSE
	EndGlobalSection
	GlobalSection(ExtensibilityGlobals) = postSolution
		SolutionGuid = {41314859-F5E0-4ADB-874A-E9B5472E9FFB}
	EndGlobalSection
EndGlobal
